
Microsoft Visual Studio Solution File, Format Version 12.00
# Visual Studio Version 17
VisualStudioVersion = 17.9.34622.214
MinimumVisualStudioVersion = 10.0.40219.1
Project("{FAE04EC0-301F-11D3-BF4B-00C04F79EFBC}") = "Project", "Project.csproj", "{A254F074-587D-440A-81B3-2CC780F16348}"
EndProject
Global
	GlobalSection(SolutionConfigurationPlatforms) = preSolution
		Debug|Any CPU = Debug|Any CPU
		Release|Any CPU = Release|Any CPU
	EndGlobalSection
	GlobalSection(ProjectConfigurationPlatforms) = postSolution
		{A254F074-587D-440A-81B3-2CC780F16348}.Debug|Any CPU.ActiveCfg = Debug|Any CPU
		{A254F074-587D-440A-81B3-2CC780F16348}.Debug|Any CPU.Build.0 = Debug|Any CPU
		{A254F074-587D-440A-81B3-2CC780F16348}.Release|Any CPU.ActiveCfg = Release|Any CPU
		{A254F074-587D-440A-81B3-2CC780F16348}.Release|Any CPU.Build.0 = Release|Any CPU
	EndGlobalSection
	GlobalSection(SolutionProperties) = preSolution
		HideSolutionNode = FALSE
	EndGlobalSection
	GlobalSection(ExtensibilityGlobals) = postSolution
		SolutionGuid = {C13A5C8E-1DB4-4921-9E9D-F8A44936FB1C}
	EndGlobalSection
EndGlobal
